
Microsoft Visual Studio Solution File, Format Version 12.00
# Visual Studio Version 17
VisualStudioVersion = 17.2.32616.157
MinimumVisualStudioVersion = 10.0.40219.1
Project("{FAE04EC0-301F-11D3-BF4B-00C04F79EFBC}") = "GeekBurguer.UI", "GeekBurguer.UI\GeekBurguer.UI.csproj", "{79C91864-C579-4CFB-974E-42669D7AED80}"
EndProject
Project("{FAE04EC0-301F-11D3-BF4B-00C04F79EFBC}") = "GeekBurguer.UI.Contracts", "GeekBurguer.UI.Contracts\GeekBurguer.UI.Contracts.csproj", "{876A5A2F-79E3-4623-BCD8-7E2BD6A6D74C}"
EndProject
Global
	GlobalSection(SolutionConfigurationPlatforms) = preSolution
		Debug|Any CPU = Debug|Any CPU
		Release|Any CPU = Release|Any CPU
	EndGlobalSection
	GlobalSection(ProjectConfigurationPlatforms) = postSolution
		{79C91864-C579-4CFB-974E-42669D7AED80}.Debug|Any CPU.ActiveCfg = Debug|Any CPU
		{79C91864-C579-4CFB-974E-42669D7AED80}.Debug|Any CPU.Build.0 = Debug|Any CPU
		{79C91864-C579-4CFB-974E-42669D7AED80}.Release|Any CPU.ActiveCfg = Release|Any CPU
		{79C91864-C579-4CFB-974E-42669D7AED80}.Release|Any CPU.Build.0 = Release|Any CPU
		{876A5A2F-79E3-4623-BCD8-7E2BD6A6D74C}.Debug|Any CPU.ActiveCfg = Debug|Any CPU
		{876A5A2F-79E3-4623-BCD8-7E2BD6A6D74C}.Debug|Any CPU.Build.0 = Debug|Any CPU
		{876A5A2F-79E3-4623-BCD8-7E2BD6A6D74C}.Release|Any CPU.ActiveCfg = Release|Any CPU
		{876A5A2F-79E3-4623-BCD8-7E2BD6A6D74C}.Release|Any CPU.Build.0 = Release|Any CPU
	EndGlobalSection
	GlobalSection(SolutionProperties) = preSolution
		HideSolutionNode = FALSE
	EndGlobalSection
	GlobalSection(ExtensibilityGlobals) = postSolution
		SolutionGuid = {7890ACBF-1118-45DD-8CDE-73CBCF07E8D6}
	EndGlobalSection
EndGlobal
